
Microsoft Visual Studio Solution File, Format Version 12.00
# Visual Studio Version 16
VisualStudioVersion = 16.0.810.9
MinimumVisualStudioVersion = 10.0.40219.1
Project("{FAE04EC0-301F-11D3-BF4B-00C04F79EFBC}") = "CloudRunDemo", "CloudRunDemo.csproj", "{372BCB18-82E9-4A4B-86EB-FB9F0DCACDB2}"
EndProject
Global
	GlobalSection(SolutionConfigurationPlatforms) = preSolution
		Debug|Any CPU = Debug|Any CPU
		Release|Any CPU = Release|Any CPU
	EndGlobalSection
	GlobalSection(ProjectConfigurationPlatforms) = postSolution
		{372BCB18-82E9-4A4B-86EB-FB9F0DCACDB2}.Debug|Any CPU.ActiveCfg = Debug|Any CPU
		{372BCB18-82E9-4A4B-86EB-FB9F0DCACDB2}.Debug|Any CPU.Build.0 = Debug|Any CPU
		{372BCB18-82E9-4A4B-86EB-FB9F0DCACDB2}.Release|Any CPU.ActiveCfg = Release|Any CPU
		{372BCB18-82E9-4A4B-86EB-FB9F0DCACDB2}.Release|Any CPU.Build.0 = Release|Any CPU
	EndGlobalSection
	GlobalSection(SolutionProperties) = preSolution
		HideSolutionNode = FALSE
	EndGlobalSection
	GlobalSection(ExtensibilityGlobals) = postSolution
		SolutionGuid = {B532C4E4-4FAD-49E5-AFDA-01D5B52F15E1}
	EndGlobalSection
EndGlobal
